
Microsoft Visual Studio Solution File, Format Version 12.00
# Visual Studio Version 18
VisualStudioVersion = 18.10.12210.168
MinimumVisualStudioVersion = 10.0.40219.1
Project("{2150E333-8FDC-42A3-9474-1A3956D46DE8}") = "Chapter07-Class", "Chapter07-Class", "{4600666E-97D9-40E4-8892-4D610BA34E2C}"
EndProject
Project("{2150E333-8FDC-42A3-9474-1A3956D46DE8}") = "ClassBase", "ClassBase", "{9AD349A1-FC69-4C11-8CA3-3F82C954EEE3}"
EndProject
Project("{FAE04EC0-301F-11D3-BF4B-00C04F79EFBC}") = "ClassBaseCharacter", "Chapter07-Class\ClassBase\ClassBaseCharacter\ClassBaseCharacter.csproj", "{2CD007A4-97DB-4F91-9BCC-F33DF743BB82}"
EndProject
Project("{FAE04EC0-301F-11D3-BF4B-00C04F79EFBC}") = "ClassBaseFighter", "Chapter07-Class\ClassBase\ClassBaseFighter\ClassBaseFighter.csproj", "{A031FF40-F646-4773-94A1-09AF255A337A}"
EndProject
Project("{FAE04EC0-301F-11D3-BF4B-00C04F79EFBC}") = "ClassBasePoint", "Chapter07-Class\ClassBase\ClassBasePoint\ClassBasePoint.csproj", "{AACF6C9A-AE6E-79B9-CD02-DCCAC4B5E59B}"
EndProject
Project("{FAE04EC0-301F-11D3-BF4B-00C04F79EFBC}") = "ClassBaseExample", "Chapter07-Class\ClassBase\ClassBaseExample\ClassBaseExample.csproj", "{4152A04B-85B6-4FA7-9646-0CA112442B09}"
EndProject
Global
	GlobalSection(SolutionConfigurationPlatforms) = preSolution
		Debug|Any CPU = Debug|Any CPU
		Release|Any CPU = Release|Any CPU
	EndGlobalSection
	GlobalSection(ProjectConfigurationPlatforms) = postSolution
		{2CD007A4-97DB-4F91-9BCC-F33DF743BB82}.Debug|Any CPU.ActiveCfg = Debug|Any CPU
		{2CD007A4-97DB-4F91-9BCC-F33DF743BB82}.Debug|Any CPU.Build.0 = Debug|Any CPU
		{2CD007A4-97DB-4F91-9BCC-F33DF743BB82}.Release|Any CPU.ActiveCfg = Release|Any CPU
		{2CD007A4-97DB-4F91-9BCC-F33DF743BB82}.Release|Any CPU.Build.0 = Release|Any CPU
		{A031FF40-F646-4773-94A1-09AF255A337A}.Debug|Any CPU.ActiveCfg = Debug|Any CPU
		{A031FF40-F646-4773-94A1-09AF255A337A}.Debug|Any CPU.Build.0 = Debug|Any CPU
		{A031FF40-F646-4773-94A1-09AF255A337A}.Release|Any CPU.ActiveCfg = Release|Any CPU
		{A031FF40-F646-4773-94A1-09AF255A337A}.Release|Any CPU.Build.0 = Release|Any CPU
		{AACF6C9A-AE6E-79B9-CD02-DCCAC4B5E59B}.Debug|Any CPU.ActiveCfg = Debug|Any CPU
		{AACF6C9A-AE6E-79B9-CD02-DCCAC4B5E59B}.Debug|Any CPU.Build.0 = Debug|Any CPU
		{AACF6C9A-AE6E-79B9-CD02-DCCAC4B5E59B}.Release|Any CPU.ActiveCfg = Release|Any CPU
		{AACF6C9A-AE6E-79B9-CD02-DCCAC4B5E59B}.Release|Any CPU.Build.0 = Release|Any CPU
		{4152A04B-85B6-4FA7-9646-0CA112442B09}.Debug|Any CPU.ActiveCfg = Debug|Any CPU
		{4152A04B-85B6-4FA7-9646-0CA112442B09}.Debug|Any CPU.Build.0 = Debug|Any CPU
		{4152A04B-85B6-4FA7-9646-0CA112442B09}.Release|Any CPU.ActiveCfg = Release|Any CPU
		{4152A04B-85B6-4FA7-9646-0CA112442B09}.Release|Any CPU.Build.0 = Release|Any CPU
	EndGlobalSection
	GlobalSection(SolutionProperties) = preSolution
		HideSolutionNode = FALSE
	EndGlobalSection
	GlobalSection(NestedProjects) = preSolution
		{9AD349A1-FC69-4C11-8CA3-3F82C954EEE3} = {4600666E-97D9-40E4-8892-4D610BA34E2C}
		{2CD007A4-97DB-4F91-9BCC-F33DF743BB82} = {9AD349A1-FC69-4C11-8CA3-3F82C954EEE3}
		{A031FF40-F646-4773-94A1-09AF255A337A} = {9AD349A1-FC69-4C11-8CA3-3F82C954EEE3}
		{AACF6C9A-AE6E-79B9-CD02-DCCAC4B5E59B} = {9AD349A1-FC69-4C11-8CA3-3F82C954EEE3}
		{4152A04B-85B6-4FA7-9646-0CA112442B09} = {9AD349A1-FC69-4C11-8CA3-3F82C954EEE3}
	EndGlobalSection
	GlobalSection(ExtensibilityGlobals) = postSolution
		SolutionGuid = {C997D923-CA05-4571-A474-688394697E37}
	EndGlobalSection
EndGlobal
