
Microsoft Visual Studio Solution File, Format Version 12.00
# Visual Studio Version 17
VisualStudioVersion = 17.14.36127.28
MinimumVisualStudioVersion = 10.0.40219.1
Project("{2150E333-8FDC-42A3-9474-1A3956D46DE8}") = "Independent-work-03", "Independent-work-03", "{36D591C7-65C7-A0D1-1CBC-10CDE441BDC8}"
EndProject
Project("{FAE04EC0-301F-11D3-BF4B-00C04F79EFBC}") = "Task1", "Independent-work-03\Task1\Task1.csproj", "{9ACBFFC8-B93B-4F11-A452-9AB61006BA03}"
EndProject
Project("{FAE04EC0-301F-11D3-BF4B-00C04F79EFBC}") = "Task2", "Independent-work-03\Task2\Task2.csproj", "{5B0CBE1D-45DA-4266-B27F-FFD4932FA230}"
EndProject
Project("{FAE04EC0-301F-11D3-BF4B-00C04F79EFBC}") = "Task3", "Independent-work-03\Task3\Task3.csproj", "{2652F26C-9D37-4BF5-B969-AD630EF798AD}"
EndProject
Project("{FAE04EC0-301F-11D3-BF4B-00C04F79EFBC}") = "Task4", "Independent-work-03\Task4\Task4.csproj", "{337F99CB-B248-4346-A6DA-1D2C97C1686E}"
EndProject
Project("{FAE04EC0-301F-11D3-BF4B-00C04F79EFBC}") = "Task5", "Independent-work-03\Task5\Task5.csproj", "{E8FB7E52-5295-4EB9-A71F-AC6FCE44DC3E}"
EndProject
Project("{FAE04EC0-301F-11D3-BF4B-00C04F79EFBC}") = "Task6", "Independent-work-03\Task6\Task6.csproj", "{871C66A0-63D8-4958-B938-076296F9110C}"
EndProject
Project("{FAE04EC0-301F-11D3-BF4B-00C04F79EFBC}") = "Task7", "Independent-work-03\Task7\Task7.csproj", "{6AFEE124-B3ED-404F-AC0C-2ACEF4CF9178}"
EndProject
Project("{FAE04EC0-301F-11D3-BF4B-00C04F79EFBC}") = "Task8", "Independent-work-03\Task8\Task8.csproj", "{0DF9E97F-BD13-4EEE-BEDF-F6572D5047DC}"
EndProject
Project("{FAE04EC0-301F-11D3-BF4B-00C04F79EFBC}") = "Task9", "Independent-work-03\Task9\Task9.csproj", "{A404C01C-D1FD-46C0-8DD1-2C69BC8EE0A6}"
EndProject
Project("{FAE04EC0-301F-11D3-BF4B-00C04F79EFBC}") = "Task10", "Independent-work-03\Task10\Task10.csproj", "{865F739D-5473-4545-BA04-2EC035A078E5}"
EndProject
Global
	GlobalSection(SolutionConfigurationPlatforms) = preSolution
		Debug|Any CPU = Debug|Any CPU
		Release|Any CPU = Release|Any CPU
	EndGlobalSection
	GlobalSection(ProjectConfigurationPlatforms) = postSolution
		{9ACBFFC8-B93B-4F11-A452-9AB61006BA03}.Debug|Any CPU.ActiveCfg = Debug|Any CPU
		{9ACBFFC8-B93B-4F11-A452-9AB61006BA03}.Debug|Any CPU.Build.0 = Debug|Any CPU
		{9ACBFFC8-B93B-4F11-A452-9AB61006BA03}.Release|Any CPU.ActiveCfg = Release|Any CPU
		{9ACBFFC8-B93B-4F11-A452-9AB61006BA03}.Release|Any CPU.Build.0 = Release|Any CPU
		{5B0CBE1D-45DA-4266-B27F-FFD4932FA230}.Debug|Any CPU.ActiveCfg = Debug|Any CPU
		{5B0CBE1D-45DA-4266-B27F-FFD4932FA230}.Debug|Any CPU.Build.0 = Debug|Any CPU
		{5B0CBE1D-45DA-4266-B27F-FFD4932FA230}.Release|Any CPU.ActiveCfg = Release|Any CPU
		{5B0CBE1D-45DA-4266-B27F-FFD4932FA230}.Release|Any CPU.Build.0 = Release|Any CPU
		{2652F26C-9D37-4BF5-B969-AD630EF798AD}.Debug|Any CPU.ActiveCfg = Debug|Any CPU
		{2652F26C-9D37-4BF5-B969-AD630EF798AD}.Debug|Any CPU.Build.0 = Debug|Any CPU
		{2652F26C-9D37-4BF5-B969-AD630EF798AD}.Release|Any CPU.ActiveCfg = Release|Any CPU
		{2652F26C-9D37-4BF5-B969-AD630EF798AD}.Release|Any CPU.Build.0 = Release|Any CPU
		{337F99CB-B248-4346-A6DA-1D2C97C1686E}.Debug|Any CPU.ActiveCfg = Debug|Any CPU
		{337F99CB-B248-4346-A6DA-1D2C97C1686E}.Debug|Any CPU.Build.0 = Debug|Any CPU
		{337F99CB-B248-4346-A6DA-1D2C97C1686E}.Release|Any CPU.ActiveCfg = Release|Any CPU
		{337F99CB-B248-4346-A6DA-1D2C97C1686E}.Release|Any CPU.Build.0 = Release|Any CPU
		{E8FB7E52-5295-4EB9-A71F-AC6FCE44DC3E}.Debug|Any CPU.ActiveCfg = Debug|Any CPU
		{E8FB7E52-5295-4EB9-A71F-AC6FCE44DC3E}.Debug|Any CPU.Build.0 = Debug|Any CPU
		{E8FB7E52-5295-4EB9-A71F-AC6FCE44DC3E}.Release|Any CPU.ActiveCfg = Release|Any CPU
		{E8FB7E52-5295-4EB9-A71F-AC6FCE44DC3E}.Release|Any CPU.Build.0 = Release|Any CPU
		{871C66A0-63D8-4958-B938-076296F9110C}.Debug|Any CPU.ActiveCfg = Debug|Any CPU
		{871C66A0-63D8-4958-B938-076296F9110C}.Debug|Any CPU.Build.0 = Debug|Any CPU
		{871C66A0-63D8-4958-B938-076296F9110C}.Release|Any CPU.ActiveCfg = Release|Any CPU
		{871C66A0-63D8-4958-B938-076296F9110C}.Release|Any CPU.Build.0 = Release|Any CPU
		{6AFEE124-B3ED-404F-AC0C-2ACEF4CF9178}.Debug|Any CPU.ActiveCfg = Debug|Any CPU
		{6AFEE124-B3ED-404F-AC0C-2ACEF4CF9178}.Debug|Any CPU.Build.0 = Debug|Any CPU
		{6AFEE124-B3ED-404F-AC0C-2ACEF4CF9178}.Release|Any CPU.ActiveCfg = Release|Any CPU
		{6AFEE124-B3ED-404F-AC0C-2ACEF4CF9178}.Release|Any CPU.Build.0 = Release|Any CPU
		{0DF9E97F-BD13-4EEE-BEDF-F6572D5047DC}.Debug|Any CPU.ActiveCfg = Debug|Any CPU
		{0DF9E97F-BD13-4EEE-BEDF-F6572D5047DC}.Debug|Any CPU.Build.0 = Debug|Any CPU
		{0DF9E97F-BD13-4EEE-BEDF-F6572D5047DC}.Release|Any CPU.ActiveCfg = Release|Any CPU
		{0DF9E97F-BD13-4EEE-BEDF-F6572D5047DC}.Release|Any CPU.Build.0 = Release|Any CPU
		{A404C01C-D1FD-46C0-8DD1-2C69BC8EE0A6}.Debug|Any CPU.ActiveCfg = Debug|Any CPU
		{A404C01C-D1FD-46C0-8DD1-2C69BC8EE0A6}.Debug|Any CPU.Build.0 = Debug|Any CPU
		{A404C01C-D1FD-46C0-8DD1-2C69BC8EE0A6}.Release|Any CPU.ActiveCfg = Release|Any CPU
		{A404C01C-D1FD-46C0-8DD1-2C69BC8EE0A6}.Release|Any CPU.Build.0 = Release|Any CPU
		{865F739D-5473-4545-BA04-2EC035A078E5}.Debug|Any CPU.ActiveCfg = Debug|Any CPU
		{865F739D-5473-4545-BA04-2EC035A078E5}.Debug|Any CPU.Build.0 = Debug|Any CPU
		{865F739D-5473-4545-BA04-2EC035A078E5}.Release|Any CPU.ActiveCfg = Release|Any CPU
		{865F739D-5473-4545-BA04-2EC035A078E5}.Release|Any CPU.Build.0 = Release|Any CPU
	EndGlobalSection
	GlobalSection(SolutionProperties) = preSolution
		HideSolutionNode = FALSE
	EndGlobalSection
	GlobalSection(NestedProjects) = preSolution
		{9ACBFFC8-B93B-4F11-A452-9AB61006BA03} = {36D591C7-65C7-A0D1-1CBC-10CDE441BDC8}
		{5B0CBE1D-45DA-4266-B27F-FFD4932FA230} = {36D591C7-65C7-A0D1-1CBC-10CDE441BDC8}
		{2652F26C-9D37-4BF5-B969-AD630EF798AD} = {36D591C7-65C7-A0D1-1CBC-10CDE441BDC8}
		{337F99CB-B248-4346-A6DA-1D2C97C1686E} = {36D591C7-65C7-A0D1-1CBC-10CDE441BDC8}
		{E8FB7E52-5295-4EB9-A71F-AC6FCE44DC3E} = {36D591C7-65C7-A0D1-1CBC-10CDE441BDC8}
		{871C66A0-63D8-4958-B938-076296F9110C} = {36D591C7-65C7-A0D1-1CBC-10CDE441BDC8}
		{6AFEE124-B3ED-404F-AC0C-2ACEF4CF9178} = {36D591C7-65C7-A0D1-1CBC-10CDE441BDC8}
		{0DF9E97F-BD13-4EEE-BEDF-F6572D5047DC} = {36D591C7-65C7-A0D1-1CBC-10CDE441BDC8}
		{A404C01C-D1FD-46C0-8DD1-2C69BC8EE0A6} = {36D591C7-65C7-A0D1-1CBC-10CDE441BDC8}
		{865F739D-5473-4545-BA04-2EC035A078E5} = {36D591C7-65C7-A0D1-1CBC-10CDE441BDC8}
	EndGlobalSection
	GlobalSection(ExtensibilityGlobals) = postSolution
		SolutionGuid = {15339F88-EBD6-4192-AA46-AA4C18B68625}
	EndGlobalSection
EndGlobal
