
Microsoft Visual Studio Solution File, Format Version 12.00
# Visual Studio Version 18
VisualStudioVersion = 18.4.11626.88
MinimumVisualStudioVersion = 10.0.40219.1
Project("{2150E333-8FDC-42A3-9474-1A3956D46DE8}") = "Chapter06-Collections", "Chapter06-Collections", "{B70840A7-523F-47BA-B6B2-4B526617627C}"
EndProject
Project("{2150E333-8FDC-42A3-9474-1A3956D46DE8}") = "ListCollection", "ListCollection", "{6E398FF2-3B45-4ED8-B646-BB030189A792}"
EndProject
Project("{FAE04EC0-301F-11D3-BF4B-00C04F79EFBC}") = "ListExample", "ListCollection\ListExample\ListExample.csproj", "{808E26F9-81DE-4505-919F-A0D8CD75B557}"
EndProject
Global
	GlobalSection(SolutionConfigurationPlatforms) = preSolution
		Debug|Any CPU = Debug|Any CPU
		Release|Any CPU = Release|Any CPU
	EndGlobalSection
	GlobalSection(ProjectConfigurationPlatforms) = postSolution
		{808E26F9-81DE-4505-919F-A0D8CD75B557}.Debug|Any CPU.ActiveCfg = Debug|Any CPU
		{808E26F9-81DE-4505-919F-A0D8CD75B557}.Debug|Any CPU.Build.0 = Debug|Any CPU
		{808E26F9-81DE-4505-919F-A0D8CD75B557}.Release|Any CPU.ActiveCfg = Release|Any CPU
		{808E26F9-81DE-4505-919F-A0D8CD75B557}.Release|Any CPU.Build.0 = Release|Any CPU
	EndGlobalSection
	GlobalSection(SolutionProperties) = preSolution
		HideSolutionNode = FALSE
	EndGlobalSection
	GlobalSection(NestedProjects) = preSolution
		{6E398FF2-3B45-4ED8-B646-BB030189A792} = {B70840A7-523F-47BA-B6B2-4B526617627C}
		{808E26F9-81DE-4505-919F-A0D8CD75B557} = {6E398FF2-3B45-4ED8-B646-BB030189A792}
	EndGlobalSection
	GlobalSection(ExtensibilityGlobals) = postSolution
		SolutionGuid = {15339F88-EBD6-4192-AA46-AA4C18B68625}
	EndGlobalSection
EndGlobal
